
Microsoft Visual Studio Solution File, Format Version 12.00
# Visual Studio Version 16
VisualStudioVersion = 16.0.31025.194
MinimumVisualStudioVersion = 10.0.40219.1
Project("{8BC9CEB8-8B4A-11D0-8D11-00A0C91BC942}") = "new_program", "new_program.vcxproj", "{8C06D2FC-7E4A-428B-A36A-CC2184337057}"
EndProject
Global
	GlobalSection(SolutionConfigurationPlatforms) = preSolution
		Debug|x64 = Debug|x64
		Debug|x86 = Debug|x86
		Release|x64 = Release|x64
		Release|x86 = Release|x86
	EndGlobalSection
	GlobalSection(ProjectConfigurationPlatforms) = postSolution
		{8C06D2FC-7E4A-428B-A36A-CC2184337057}.Debug|x64.ActiveCfg = Debug|x64
		{8C06D2FC-7E4A-428B-A36A-CC2184337057}.Debug|x64.Build.0 = Debug|x64
		{8C06D2FC-7E4A-428B-A36A-CC2184337057}.Debug|x86.ActiveCfg = Debug|Win32
		{8C06D2FC-7E4A-428B-A36A-CC2184337057}.Debug|x86.Build.0 = Debug|Win32
		{8C06D2FC-7E4A-428B-A36A-CC2184337057}.Release|x64.ActiveCfg = Release|x64
		{8C06D2FC-7E4A-428B-A36A-CC2184337057}.Release|x64.Build.0 = Release|x64
		{8C06D2FC-7E4A-428B-A36A-CC2184337057}.Release|x86.ActiveCfg = Release|Win32
		{8C06D2FC-7E4A-428B-A36A-CC2184337057}.Release|x86.Build.0 = Release|Win32
	EndGlobalSection
	GlobalSection(SolutionProperties) = preSolution
		HideSolutionNode = FALSE
	EndGlobalSection
	GlobalSection(ExtensibilityGlobals) = postSolution
		SolutionGuid = {652C6C0F-C20D-4AE2-B92A-E1067155B084}
	EndGlobalSection
EndGlobal
